
Microsoft Visual Studio Solution File, Format Version 12.00
# Visual Studio Version 16
VisualStudioVersion = 16.0.31624.102
MinimumVisualStudioVersion = 10.0.40219.1
Project("{FAE04EC0-301F-11D3-BF4B-00C04F79EFBC}") = "Sugarbakers", "Sugarbakers.csproj", "{DD30A441-69FA-452F-AEE6-8303FF4723FF}"
EndProject
Global
	GlobalSection(SolutionConfigurationPlatforms) = preSolution
		Debug|Any CPU = Debug|Any CPU
		Release|Any CPU = Release|Any CPU
	EndGlobalSection
	GlobalSection(ProjectConfigurationPlatforms) = postSolution
		{DD30A441-69FA-452F-AEE6-8303FF4723FF}.Debug|Any CPU.ActiveCfg = Debug|Any CPU
		{DD30A441-69FA-452F-AEE6-8303FF4723FF}.Debug|Any CPU.Build.0 = Debug|Any CPU
		{DD30A441-69FA-452F-AEE6-8303FF4723FF}.Release|Any CPU.ActiveCfg = Release|Any CPU
		{DD30A441-69FA-452F-AEE6-8303FF4723FF}.Release|Any CPU.Build.0 = Release|Any CPU
	EndGlobalSection
	GlobalSection(SolutionProperties) = preSolution
		HideSolutionNode = FALSE
	EndGlobalSection
	GlobalSection(ExtensibilityGlobals) = postSolution
		SolutionGuid = {3C2C2E6D-E8F5-4F53-825B-0F87343D3D0C}
	EndGlobalSection
EndGlobal
